
Microsoft Visual Studio Solution File, Format Version 12.00
# Visual Studio Version 17
VisualStudioVersion = 17.0.31903.59
MinimumVisualStudioVersion = 10.0.40219.1
Project("{2150E333-8FDC-42A3-9474-1A3956D46DE8}") = "src", "src", "{05502BA0-72A3-4AE9-AF38-5A9FD9DB5187}"
EndProject
Project("{FAE04EC0-301F-11D3-BF4B-00C04F79EFBC}") = "Conductor.Messages", "src\Conductor.Messages\Conductor.Messages.csproj", "{235DDF7E-F8D2-4C9B-A012-4F3021DC4393}"
EndProject
Global
	GlobalSection(SolutionConfigurationPlatforms) = preSolution
		Debug|Any CPU = Debug|Any CPU
		Release|Any CPU = Release|Any CPU
	EndGlobalSection
	GlobalSection(SolutionProperties) = preSolution
		HideSolutionNode = FALSE
	EndGlobalSection
	GlobalSection(ProjectConfigurationPlatforms) = postSolution
		{235DDF7E-F8D2-4C9B-A012-4F3021DC4393}.Debug|Any CPU.ActiveCfg = Debug|Any CPU
		{235DDF7E-F8D2-4C9B-A012-4F3021DC4393}.Debug|Any CPU.Build.0 = Debug|Any CPU
		{235DDF7E-F8D2-4C9B-A012-4F3021DC4393}.Release|Any CPU.ActiveCfg = Release|Any CPU
		{235DDF7E-F8D2-4C9B-A012-4F3021DC4393}.Release|Any CPU.Build.0 = Release|Any CPU
	EndGlobalSection
	GlobalSection(NestedProjects) = preSolution
		{235DDF7E-F8D2-4C9B-A012-4F3021DC4393} = {05502BA0-72A3-4AE9-AF38-5A9FD9DB5187}
	EndGlobalSection
EndGlobal
